
Microsoft Visual Studio Solution File, Format Version 12.00
# Visual Studio Version 16
VisualStudioVersion = 16.0.31702.278
MinimumVisualStudioVersion = 10.0.40219.1
Project("{FAE04EC0-301F-11D3-BF4B-00C04F79EFBC}") = "Comunicação 2", "Comunicação 2\Comunicação 2.csproj", "{C5500EB7-1027-4A02-8C75-5ECD1AE37852}"
EndProject
Global
	GlobalSection(SolutionConfigurationPlatforms) = preSolution
		Debug|Any CPU = Debug|Any CPU
		Release|Any CPU = Release|Any CPU
	EndGlobalSection
	GlobalSection(ProjectConfigurationPlatforms) = postSolution
		{C5500EB7-1027-4A02-8C75-5ECD1AE37852}.Debug|Any CPU.ActiveCfg = Debug|Any CPU
		{C5500EB7-1027-4A02-8C75-5ECD1AE37852}.Debug|Any CPU.Build.0 = Debug|Any CPU
		{C5500EB7-1027-4A02-8C75-5ECD1AE37852}.Release|Any CPU.ActiveCfg = Release|Any CPU
		{C5500EB7-1027-4A02-8C75-5ECD1AE37852}.Release|Any CPU.Build.0 = Release|Any CPU
	EndGlobalSection
	GlobalSection(SolutionProperties) = preSolution
		HideSolutionNode = FALSE
	EndGlobalSection
	GlobalSection(ExtensibilityGlobals) = postSolution
		SolutionGuid = {0E8721F7-63E9-4C57-AE78-8509C6B98AE7}
	EndGlobalSection
EndGlobal
